{
    "_meta": {
        "hash": {
            "sha256": "af55e31760c5f940066938a76c25a7e62a79bb3a33e9adbea81e493658543bc9"
        },
        "pipfile-spec": 6,
        "requires": {
            "python_version": "3.10"
        },
        "sources": [
            {
                "name": "pypi",
                "url": "https://pypi.org/simple",
                "verify_ssl": true
            }
        ]
    },
    "default": {
        "altgraph": {
            "hashes": [
                "sha256:1b5afbb98f6c4dcadb2e2ae6ab9fa994bbb8c1d75f4fa96d340f9437ae454406",
                "sha256:642743b4750de17e655e6711601b077bc6598dbfa3ba5fa2b2a35ce12b508dff"
            ],
            "version": "==0.17.4"
        },
        "packaging": {
            "hashes": [
                "sha256:026ed72c8ed3fcce5bf8950572258698927fd1dbda10a5e981cdf0ac37f4f002",
                "sha256:5b8f2217dbdbd2f7f384c41c628544e6d52f2d0f53c6d0c3ea61aa5d1d7ff124"
            ],
            "markers": "python_version >= '3.8'",
            "version": "==24.1"
        },
        "pefile": {
            "hashes": [
                "sha256:82e6114004b3d6911c77c3953e3838654b04511b8b66e8583db70c65998017dc",
                "sha256:da185cd2af68c08a6cd4481f7325ed600a88f6a813bad9dea07ab3ef73d8d8d6"
            ],
            "markers": "sys_platform == 'win32'",
            "version": "==2023.2.7"
        },
        "pyinstaller": {
            "hashes": [
                "sha256:000c36b13fe4cd8d0d8c2bc855b1ddcf39867b5adf389e6b5ca45b25fa3e619d",
                "sha256:1c3060a263758cf7f0144ab4c016097b20451b2469d468763414665db1bb743d",
                "sha256:2b71509468c811968c0b5decb5bbe85b6292ea52d7b1f26313d2aabb673fa9a5",
                "sha256:355832a3acc7de90a255ecacd4b9f9e166a547a79c8905d49f14e3a75c1acdb9",
                "sha256:39ac424d2ee2457d2ab11a5091436e75a0cccae207d460d180aa1fcbbafdd528",
                "sha256:3f4b6520f4423fe19bcc2fd63ab7238851ae2bdcbc98f25bc5d2f97cc62012e9",
                "sha256:5ff6bc2784c1026f8e2f04aa3760cbed41408e108a9d4cf1dd52ee8351a3f6e1",
                "sha256:6303c7a009f47e6a96ef65aed49f41e36ece8d079b9193ca92fe807403e5fe80",
                "sha256:81cccfa9b16699b457f4788c5cc119b50f3cd4d0db924955f15c33f2ad27a50d",
                "sha256:d257f6645c7334cbd66f38a4fac62c3ad614cc46302b2b5d9f8cc48c563bce0e",
                "sha256:fe0af018d7d5077180e3144ada89a4da5df8d07716eb7e9482834a56dc57a4e8",
                "sha256:ff31c5b99e05a4384bbe2071df67ec8b2b347640a375eae9b40218be2f1754c6"
            ],
            "index": "pypi",
            "markers": "python_version < '3.13' and python_version >= '3.8'",
            "version": "==6.8.0"
        },
        "pyinstaller-hooks-contrib": {
            "hashes": [
                "sha256:8bf0775771fbaf96bcd2f4dfd6f7ae6c1dd1b1efe254c7e50477b3c08e7841d8",
                "sha256:fd5f37dcf99bece184e40642af88be16a9b89613ecb958a8bd1136634fc9fac5"
            ],
            "markers": "python_version >= '3.7'",
            "version": "==2024.7"
        },
        "pyqt6": {
            "hashes": [
                "sha256:3d31b2c59dc378ee26e16586d9469842483588142fc377280aad22aaf2fa6235",
                "sha256:656734112853fde1be0963f0ad362e5efd87ba6c6ff234cb1f9fe8003ee254e6",
                "sha256:6a1f6dfe03752f888b5e628c208f9fd1a03bda7ebda59ffed8c13580289a1892",
                "sha256:919ffb01020ece42209228bf94b4f2c156a6b77cc5a69a90a05e358b0333750b",
                "sha256:9d8865fb6357dba032002c4554a9648e88f2b4706c929cc51fba58edafad91fc",
                "sha256:e294f025f94493ee12b66efd6893fab309c9063172bb8a5b184f84dfc1ebcc49",
                "sha256:fa2d27fc2f5340f3f1e145c815101ef4550771a9e4bfafd4c7c2479fe83d9488"
            ],
            "index": "pypi",
            "markers": "python_version >= '3.8'",
            "version": "==6.7.0"
        },
        "pyqt6-qt6": {
            "hashes": [
                "sha256:29622b5dd38740b4b6962e0c88d082d08fa10b64542ef5d911b04214aad70150",
                "sha256:590a2f30d15892b5259e6a17ecc0a755675b1b49f553d964e195e90094b44120",
                "sha256:9fbab2a96d72d77d16021e259ef86a1a3c87adb0e7eebcc92df0d39f3fdf7e27",
                "sha256:fbcfe66a57199c6a26542b8b9b2f2ee59d974db36293de335a1251f24c4fe917"
            ],
            "version": "==6.7.1"
        },
        "pyqt6-sip": {
            "hashes": [
                "sha256:0dfd22cfedd87e96f9d51e0778ca2ba3dc0be83e424e9e0f98f6994d8d9c90f0",
                "sha256:13885361ca2cb2f5085d50359ba61b3fabd41b139fb58f37332acbe631ef2357",
                "sha256:24441032a29791e82beb7dfd76878339058def0e97fdb7c1cea517f3a0e6e96b",
                "sha256:2486e1588071943d4f6657ba09096dc9fffd2322ad2c30041e78ea3f037b5778",
                "sha256:3075d8b325382750829e6cde6971c943352309d35768a4d4da0587459606d562",
                "sha256:33ea771fe777eb0d1a2c3ef35bcc3f7a286eb3ff09cd5b2fdd3d87d1f392d7e8",
                "sha256:39854dba35f8e5a4288da26ecb5f40b4c5ec1932efffb3f49d5ea435a7f37fb3",
                "sha256:3bf03e130fbfd75c9c06e687b86ba375410c7a9e835e4e03285889e61dd4b0c4",
                "sha256:43fb8551796030aae3d66d6e35e277494071ec6172cd182c9569ab7db268a2f5",
                "sha256:58f68a48400e0b3d1ccb18090090299bad26e3aed7ccb7057c65887b79b8aeea",
                "sha256:5b9c6b6f9cfccb48cbb78a59603145a698fb4ffd176764d7083e5bf47631d8df",
                "sha256:747f6ca44af81777a2c696bd501bc4815a53ec6fc94d4e25830e10bc1391f8ab",
                "sha256:86a7b67c64436e32bffa9c28c9f21bf14a9faa54991520b12c3f6f435f24df7f",
                "sha256:8c282062125eea5baf830c6998587d98c50be7c3a817a057fb95fef647184012",
                "sha256:8f9df9f7ccd8a9f0f1d36948c686f03ce1a1281543a3e636b7b7d5e086e1a436",
                "sha256:98bf954103b087162fa63b3a78f30b0b63da22fd6450b610ec1b851dbb798228",
                "sha256:9adf672f9114687533a74d5c2d4c03a9a929ad5ad9c3e88098a7da1a440ab916",
                "sha256:a6ce80bc24618d8a41be8ca51ad9f10e8bc4296dd90ab2809573df30a23ae0e5",
                "sha256:d6b5f699aaed0ac1fcd23e8fbca70d8a77965831b7c1ce474b81b1678817a49d",
                "sha256:fa759b6339ff7e25f9afe2a6b651b775f0a36bcb3f5fa85e81a90d3b033c83f4",
                "sha256:fa7b10af7488efc5e53b41dd42c0f421bde6c2865a107af7ae259aff9d841da9"
            ],
            "markers": "python_version >= '3.7'",
            "version": "==13.6.0"
        },
        "python-vlc": {
            "hashes": [
                "sha256:244fbb9e392a0326841fca926d6d12a2a36c546982191f493f148fa19e66b1d4",
                "sha256:903b3dc3602804958837c69907f3d3485921ef8424c254c7314db3d6037f8d62"
            ],
            "index": "pypi",
            "version": "==3.0.20123"
        },
        "pywin32-ctypes": {
            "hashes": [
                "sha256:3426e063bdd5fd4df74a14fa3cf80a0b42845a87e1d1e81f6549f9daec593a60",
                "sha256:bf490a1a709baf35d688fe0ecf980ed4de11d2b3e37b51e5442587a75d9957e7"
            ],
            "markers": "sys_platform == 'win32'",
            "version": "==0.2.2"
        },
        "setuptools": {
            "hashes": [
                "sha256:01a1e793faa5bd89abc851fa15d0a0db26f160890c7102cd8dce643e886b47f5",
                "sha256:d9b8b771455a97c8a9f3ab3448ebe0b29b5e105f1228bba41028be116985a267"
            ],
            "markers": "python_version >= '3.8'",
            "version": "==70.1.0"
        }
    },
    "develop": {}
}
